
Microsoft Visual Studio Solution File, Format Version 11.00
# Visual C++ Express 2010
Project("{8BC9CEB8-8B4A-11D0-8D11-00A0C91BC942}") = "11", "11\11.vcxproj", "{B4C8CA1D-0936-4E80-9D0C-6B65528F288E}"
EndProject
Global
	GlobalSection(SolutionConfigurationPlatforms) = preSolution
		Debug|Win32 = Debug|Win32
		Release|Win32 = Release|Win32
	EndGlobalSection
	GlobalSection(ProjectConfigurationPlatforms) = postSolution
		{B4C8CA1D-0936-4E80-9D0C-6B65528F288E}.Debug|Win32.ActiveCfg = Debug|Win32
		{B4C8CA1D-0936-4E80-9D0C-6B65528F288E}.Debug|Win32.Build.0 = Debug|Win32
		{B4C8CA1D-0936-4E80-9D0C-6B65528F288E}.Release|Win32.ActiveCfg = Release|Win32
		{B4C8CA1D-0936-4E80-9D0C-6B65528F288E}.Release|Win32.Build.0 = Release|Win32
	EndGlobalSection
	GlobalSection(SolutionProperties) = preSolution
		HideSolutionNode = FALSE
	EndGlobalSection
EndGlobal
