
Microsoft Visual Studio Solution File, Format Version 11.00
# Visual C++ Express 2010
Project("{8BC9CEB8-8B4A-11D0-8D11-00A0C91BC942}") = "03", "03\03.vcxproj", "{DE56F3EA-B2E2-487B-BCE1-C55BCDECF529}"
EndProject
Global
	GlobalSection(SolutionConfigurationPlatforms) = preSolution
		Debug|Win32 = Debug|Win32
		Release|Win32 = Release|Win32
	EndGlobalSection
	GlobalSection(ProjectConfigurationPlatforms) = postSolution
		{DE56F3EA-B2E2-487B-BCE1-C55BCDECF529}.Debug|Win32.ActiveCfg = Debug|Win32
		{DE56F3EA-B2E2-487B-BCE1-C55BCDECF529}.Debug|Win32.Build.0 = Debug|Win32
		{DE56F3EA-B2E2-487B-BCE1-C55BCDECF529}.Release|Win32.ActiveCfg = Release|Win32
		{DE56F3EA-B2E2-487B-BCE1-C55BCDECF529}.Release|Win32.Build.0 = Release|Win32
	EndGlobalSection
	GlobalSection(SolutionProperties) = preSolution
		HideSolutionNode = FALSE
	EndGlobalSection
EndGlobal
